# dwains_theme

# popup for lock
haptic: heavy
action: call-service
service: browser_mod.popup
service_data:
  title: '[[[ return entity.attributes.friendly_name ]]]'
  style:
    background: var(--dwains-theme-primary)
  card:
    type: horizontal-stack
    cards:
      - type: custom:button-card
        template: homepage_room
        entity: {{ entity }}
        name: Lock
        icon: mdi:lock
        tap_action:
          action: call-service
          service: lock.lock 
          service_data:
            entity_id: {{ entity }}
      - type: custom:button-card
        template: homepage_room
        entity: {{ entity }}
        name: Unlock
        icon: mdi:lock-open
        tap_action:
          action: call-service
          service: lock.unlock
          service_data:
            entity_id: {{ entity }}        
    entity: {{ entity }}
  deviceID:
    - this
